{
  "originHash" : "e542aec19b64e2ee72f8590f4f83b2660a8fb4760849e918bccfe33c387fd456",
  "pins" : [
    {
      "identity" : "capacitor-swift-pm",
      "kind" : "remoteSourceControl",
      "location" : "https://github.com/ionic-team/capacitor-swift-pm.git",
      "state" : {
        "revision" : "3ead36c2c7306e4716825054df1cce28e78a322f",
        "version" : "7.6.4"
      }
    }
  ],
  "version" : 3
}
